
Microsoft Visual Studio Solution File, Format Version 12.00
# Visual Studio Version 16
VisualStudioVersion = 16.0.30011.22
MinimumVisualStudioVersion = 10.0.40219.1
Project("{D2ABAB84-BF74-430A-B69E-9DC6D40DDA17}") = "OT_DW_Report", "OT_DW_Report\OT_DW_Report.dwproj", "{D8BE0EB2-B586-4EAA-81ED-F86D01A3880F}"
EndProject
Global
	GlobalSection(SolutionConfigurationPlatforms) = preSolution
		Development|Default = Development|Default
	EndGlobalSection
	GlobalSection(ProjectConfigurationPlatforms) = postSolution
		{D8BE0EB2-B586-4EAA-81ED-F86D01A3880F}.Development|Default.ActiveCfg = Development
		{D8BE0EB2-B586-4EAA-81ED-F86D01A3880F}.Development|Default.Build.0 = Development
		{D8BE0EB2-B586-4EAA-81ED-F86D01A3880F}.Development|Default.Deploy.0 = Development
	EndGlobalSection
	GlobalSection(SolutionProperties) = preSolution
		HideSolutionNode = FALSE
	EndGlobalSection
	GlobalSection(ExtensibilityGlobals) = postSolution
		SolutionGuid = {D64DB6C9-A1D5-488B-87C0-68FBB3BFC3C3}
	EndGlobalSection
EndGlobal
